
Microsoft Visual Studio Solution File, Format Version 12.00
# Visual Studio Version 17
VisualStudioVersion = 17.5.2.0
MinimumVisualStudioVersion = 10.0.40219.1
Project("{FAE04EC0-301F-11D3-BF4B-00C04F79EFBC}") = "GtCores", "GtCores\GtCores.csproj", "{BB120AF5-8E48-4AE2-857D-77356AF12475}"
EndProject
Project("{FAE04EC0-301F-11D3-BF4B-00C04F79EFBC}") = "GtCores.Storages", "GtCores.Storages\GtCores.Storages.csproj", "{D6BAE695-6224-4F1D-AA78-D1A0FD1D92F8}"
EndProject
Project("{FAE04EC0-301F-11D3-BF4B-00C04F79EFBC}") = "GtCores.Consoles", "GtCores.Consoles\GtCores.Consoles.csproj", "{815B2866-4B35-4EB1-A600-E5B2770A0C68}"
EndProject
Project("{FAE04EC0-301F-11D3-BF4B-00C04F79EFBC}") = "Tiktoker", "Tiktoker\Tiktoker.csproj", "{E49751CE-4D78-4F98-8907-42B5D27BB0E2}"
EndProject
Global
	GlobalSection(SolutionConfigurationPlatforms) = preSolution
		Debug|Any CPU = Debug|Any CPU
		Debug|x64 = Debug|x64
		Debug|x86 = Debug|x86
		Release|Any CPU = Release|Any CPU
		Release|x64 = Release|x64
		Release|x86 = Release|x86
	EndGlobalSection
	GlobalSection(ProjectConfigurationPlatforms) = postSolution
		{BB120AF5-8E48-4AE2-857D-77356AF12475}.Debug|Any CPU.ActiveCfg = Debug|Any CPU
		{BB120AF5-8E48-4AE2-857D-77356AF12475}.Debug|Any CPU.Build.0 = Debug|Any CPU
		{BB120AF5-8E48-4AE2-857D-77356AF12475}.Debug|x64.ActiveCfg = Debug|Any CPU
		{BB120AF5-8E48-4AE2-857D-77356AF12475}.Debug|x64.Build.0 = Debug|Any CPU
		{BB120AF5-8E48-4AE2-857D-77356AF12475}.Debug|x86.ActiveCfg = Debug|Any CPU
		{BB120AF5-8E48-4AE2-857D-77356AF12475}.Debug|x86.Build.0 = Debug|Any CPU
		{BB120AF5-8E48-4AE2-857D-77356AF12475}.Release|Any CPU.ActiveCfg = Release|Any CPU
		{BB120AF5-8E48-4AE2-857D-77356AF12475}.Release|Any CPU.Build.0 = Release|Any CPU
		{BB120AF5-8E48-4AE2-857D-77356AF12475}.Release|x64.ActiveCfg = Release|Any CPU
		{BB120AF5-8E48-4AE2-857D-77356AF12475}.Release|x64.Build.0 = Release|Any CPU
		{BB120AF5-8E48-4AE2-857D-77356AF12475}.Release|x86.ActiveCfg = Release|Any CPU
		{BB120AF5-8E48-4AE2-857D-77356AF12475}.Release|x86.Build.0 = Release|Any CPU
		{D6BAE695-6224-4F1D-AA78-D1A0FD1D92F8}.Debug|Any CPU.ActiveCfg = Debug|Any CPU
		{D6BAE695-6224-4F1D-AA78-D1A0FD1D92F8}.Debug|Any CPU.Build.0 = Debug|Any CPU
		{D6BAE695-6224-4F1D-AA78-D1A0FD1D92F8}.Debug|x64.ActiveCfg = Debug|Any CPU
		{D6BAE695-6224-4F1D-AA78-D1A0FD1D92F8}.Debug|x64.Build.0 = Debug|Any CPU
		{D6BAE695-6224-4F1D-AA78-D1A0FD1D92F8}.Debug|x86.ActiveCfg = Debug|Any CPU
		{D6BAE695-6224-4F1D-AA78-D1A0FD1D92F8}.Debug|x86.Build.0 = Debug|Any CPU
		{D6BAE695-6224-4F1D-AA78-D1A0FD1D92F8}.Release|Any CPU.ActiveCfg = Release|Any CPU
		{D6BAE695-6224-4F1D-AA78-D1A0FD1D92F8}.Release|Any CPU.Build.0 = Release|Any CPU
		{D6BAE695-6224-4F1D-AA78-D1A0FD1D92F8}.Release|x64.ActiveCfg = Release|Any CPU
		{D6BAE695-6224-4F1D-AA78-D1A0FD1D92F8}.Release|x64.Build.0 = Release|Any CPU
		{D6BAE695-6224-4F1D-AA78-D1A0FD1D92F8}.Release|x86.ActiveCfg = Release|Any CPU
		{D6BAE695-6224-4F1D-AA78-D1A0FD1D92F8}.Release|x86.Build.0 = Release|Any CPU
		{815B2866-4B35-4EB1-A600-E5B2770A0C68}.Debug|Any CPU.ActiveCfg = Debug|Any CPU
		{815B2866-4B35-4EB1-A600-E5B2770A0C68}.Debug|Any CPU.Build.0 = Debug|Any CPU
		{815B2866-4B35-4EB1-A600-E5B2770A0C68}.Debug|x64.ActiveCfg = Debug|Any CPU
		{815B2866-4B35-4EB1-A600-E5B2770A0C68}.Debug|x64.Build.0 = Debug|Any CPU
		{815B2866-4B35-4EB1-A600-E5B2770A0C68}.Debug|x86.ActiveCfg = Debug|Any CPU
		{815B2866-4B35-4EB1-A600-E5B2770A0C68}.Debug|x86.Build.0 = Debug|Any CPU
		{815B2866-4B35-4EB1-A600-E5B2770A0C68}.Release|Any CPU.ActiveCfg = Release|Any CPU
		{815B2866-4B35-4EB1-A600-E5B2770A0C68}.Release|Any CPU.Build.0 = Release|Any CPU
		{815B2866-4B35-4EB1-A600-E5B2770A0C68}.Release|x64.ActiveCfg = Release|Any CPU
		{815B2866-4B35-4EB1-A600-E5B2770A0C68}.Release|x64.Build.0 = Release|Any CPU
		{815B2866-4B35-4EB1-A600-E5B2770A0C68}.Release|x86.ActiveCfg = Release|Any CPU
		{815B2866-4B35-4EB1-A600-E5B2770A0C68}.Release|x86.Build.0 = Release|Any CPU
		{E49751CE-4D78-4F98-8907-42B5D27BB0E2}.Debug|Any CPU.ActiveCfg = Debug|Any CPU
		{E49751CE-4D78-4F98-8907-42B5D27BB0E2}.Debug|Any CPU.Build.0 = Debug|Any CPU
		{E49751CE-4D78-4F98-8907-42B5D27BB0E2}.Debug|x64.ActiveCfg = Debug|Any CPU
		{E49751CE-4D78-4F98-8907-42B5D27BB0E2}.Debug|x64.Build.0 = Debug|Any CPU
		{E49751CE-4D78-4F98-8907-42B5D27BB0E2}.Debug|x86.ActiveCfg = Debug|Any CPU
		{E49751CE-4D78-4F98-8907-42B5D27BB0E2}.Debug|x86.Build.0 = Debug|Any CPU
		{E49751CE-4D78-4F98-8907-42B5D27BB0E2}.Release|Any CPU.ActiveCfg = Release|Any CPU
		{E49751CE-4D78-4F98-8907-42B5D27BB0E2}.Release|Any CPU.Build.0 = Release|Any CPU
		{E49751CE-4D78-4F98-8907-42B5D27BB0E2}.Release|x64.ActiveCfg = Release|Any CPU
		{E49751CE-4D78-4F98-8907-42B5D27BB0E2}.Release|x64.Build.0 = Release|Any CPU
		{E49751CE-4D78-4F98-8907-42B5D27BB0E2}.Release|x86.ActiveCfg = Release|Any CPU
		{E49751CE-4D78-4F98-8907-42B5D27BB0E2}.Release|x86.Build.0 = Release|Any CPU
	EndGlobalSection
	GlobalSection(SolutionProperties) = preSolution
		HideSolutionNode = FALSE
	EndGlobalSection
	GlobalSection(ExtensibilityGlobals) = postSolution
		SolutionGuid = {80F40E83-CD2F-4886-80B1-A9EB2DFE4685}
	EndGlobalSection
EndGlobal
