
Microsoft Visual Studio Solution File, Format Version 12.00
# Visual Studio Version 18
VisualStudioVersion = 18.3.11520.95
MinimumVisualStudioVersion = 10.0.40219.1
Project("{FAE04EC0-301F-11D3-BF4B-00C04F79EFBC}") = "GtCores", "GtCores\GtCores.csproj", "{BB120AF5-8E48-4AE2-857D-77356AF12475}"
EndProject
Project("{FAE04EC0-301F-11D3-BF4B-00C04F79EFBC}") = "GtCores.Storages", "GtCores.Storages\GtCores.Storages.csproj", "{D6BAE695-6224-4F1D-AA78-D1A0FD1D92F8}"
EndProject
Project("{FAE04EC0-301F-11D3-BF4B-00C04F79EFBC}") = "GtCores.Consoles", "GtCores.Consoles\GtCores.Consoles.csproj", "{815B2866-4B35-4EB1-A600-E5B2770A0C68}"
EndProject
Project("{FAE04EC0-301F-11D3-BF4B-00C04F79EFBC}") = "Gt", "Gt\Gt.csproj", "{25170537-84B8-456D-A230-058509F0810C}"
EndProject
Project("{FAE04EC0-301F-11D3-BF4B-00C04F79EFBC}") = "Gd", "Gd\Gd.csproj", "{17DD1387-4AAE-46C9-9AF7-9AE478C1EE42}"
EndProject
Project("{FAE04EC0-301F-11D3-BF4B-00C04F79EFBC}") = "GtCores.Extensions", "GtCores.Extensions\GtCores.Extensions.csproj", "{D909C741-063A-4FEA-821B-046CBB58EA23}"
EndProject
Project("{FAE04EC0-301F-11D3-BF4B-00C04F79EFBC}") = "GSites", "GSites\GSites.csproj", "{1831B5D5-AC36-4D07-AE69-DF65B6608FFE}"
EndProject
Project("{FAE04EC0-301F-11D3-BF4B-00C04F79EFBC}") = "GtCores.IdentityCore", "GtCores.IdentityCore\GtCores.IdentityCore.csproj", "{E5BE98A7-9701-4C35-8BE3-BD50F1B529E5}"
EndProject
Project("{FAE04EC0-301F-11D3-BF4B-00C04F79EFBC}") = "GSites.Extensions", "GSites.Extensions\GSites.Extensions.csproj", "{73D3F255-BCF0-402A-9831-F2A8E1A29D5E}"
EndProject
Global
	GlobalSection(SolutionConfigurationPlatforms) = preSolution
		Debug|Any CPU = Debug|Any CPU
		Debug|x64 = Debug|x64
		Debug|x86 = Debug|x86
		Release|Any CPU = Release|Any CPU
		Release|x64 = Release|x64
		Release|x86 = Release|x86
	EndGlobalSection
	GlobalSection(ProjectConfigurationPlatforms) = postSolution
		{BB120AF5-8E48-4AE2-857D-77356AF12475}.Debug|Any CPU.ActiveCfg = Debug|Any CPU
		{BB120AF5-8E48-4AE2-857D-77356AF12475}.Debug|Any CPU.Build.0 = Debug|Any CPU
		{BB120AF5-8E48-4AE2-857D-77356AF12475}.Debug|x64.ActiveCfg = Debug|Any CPU
		{BB120AF5-8E48-4AE2-857D-77356AF12475}.Debug|x64.Build.0 = Debug|Any CPU
		{BB120AF5-8E48-4AE2-857D-77356AF12475}.Debug|x86.ActiveCfg = Debug|Any CPU
		{BB120AF5-8E48-4AE2-857D-77356AF12475}.Debug|x86.Build.0 = Debug|Any CPU
		{BB120AF5-8E48-4AE2-857D-77356AF12475}.Release|Any CPU.ActiveCfg = Release|Any CPU
		{BB120AF5-8E48-4AE2-857D-77356AF12475}.Release|Any CPU.Build.0 = Release|Any CPU
		{BB120AF5-8E48-4AE2-857D-77356AF12475}.Release|x64.ActiveCfg = Release|Any CPU
		{BB120AF5-8E48-4AE2-857D-77356AF12475}.Release|x64.Build.0 = Release|Any CPU
		{BB120AF5-8E48-4AE2-857D-77356AF12475}.Release|x86.ActiveCfg = Release|Any CPU
		{BB120AF5-8E48-4AE2-857D-77356AF12475}.Release|x86.Build.0 = Release|Any CPU
		{D6BAE695-6224-4F1D-AA78-D1A0FD1D92F8}.Debug|Any CPU.ActiveCfg = Debug|Any CPU
		{D6BAE695-6224-4F1D-AA78-D1A0FD1D92F8}.Debug|Any CPU.Build.0 = Debug|Any CPU
		{D6BAE695-6224-4F1D-AA78-D1A0FD1D92F8}.Debug|x64.ActiveCfg = Debug|Any CPU
		{D6BAE695-6224-4F1D-AA78-D1A0FD1D92F8}.Debug|x64.Build.0 = Debug|Any CPU
		{D6BAE695-6224-4F1D-AA78-D1A0FD1D92F8}.Debug|x86.ActiveCfg = Debug|Any CPU
		{D6BAE695-6224-4F1D-AA78-D1A0FD1D92F8}.Debug|x86.Build.0 = Debug|Any CPU
		{D6BAE695-6224-4F1D-AA78-D1A0FD1D92F8}.Release|Any CPU.ActiveCfg = Release|Any CPU
		{D6BAE695-6224-4F1D-AA78-D1A0FD1D92F8}.Release|Any CPU.Build.0 = Release|Any CPU
		{D6BAE695-6224-4F1D-AA78-D1A0FD1D92F8}.Release|x64.ActiveCfg = Release|Any CPU
		{D6BAE695-6224-4F1D-AA78-D1A0FD1D92F8}.Release|x64.Build.0 = Release|Any CPU
		{D6BAE695-6224-4F1D-AA78-D1A0FD1D92F8}.Release|x86.ActiveCfg = Release|Any CPU
		{D6BAE695-6224-4F1D-AA78-D1A0FD1D92F8}.Release|x86.Build.0 = Release|Any CPU
		{815B2866-4B35-4EB1-A600-E5B2770A0C68}.Debug|Any CPU.ActiveCfg = Debug|Any CPU
		{815B2866-4B35-4EB1-A600-E5B2770A0C68}.Debug|Any CPU.Build.0 = Debug|Any CPU
		{815B2866-4B35-4EB1-A600-E5B2770A0C68}.Debug|x64.ActiveCfg = Debug|Any CPU
		{815B2866-4B35-4EB1-A600-E5B2770A0C68}.Debug|x64.Build.0 = Debug|Any CPU
		{815B2866-4B35-4EB1-A600-E5B2770A0C68}.Debug|x86.ActiveCfg = Debug|Any CPU
		{815B2866-4B35-4EB1-A600-E5B2770A0C68}.Debug|x86.Build.0 = Debug|Any CPU
		{815B2866-4B35-4EB1-A600-E5B2770A0C68}.Release|Any CPU.ActiveCfg = Release|Any CPU
		{815B2866-4B35-4EB1-A600-E5B2770A0C68}.Release|Any CPU.Build.0 = Release|Any CPU
		{815B2866-4B35-4EB1-A600-E5B2770A0C68}.Release|x64.ActiveCfg = Release|Any CPU
		{815B2866-4B35-4EB1-A600-E5B2770A0C68}.Release|x64.Build.0 = Release|Any CPU
		{815B2866-4B35-4EB1-A600-E5B2770A0C68}.Release|x86.ActiveCfg = Release|Any CPU
		{815B2866-4B35-4EB1-A600-E5B2770A0C68}.Release|x86.Build.0 = Release|Any CPU
		{25170537-84B8-456D-A230-058509F0810C}.Debug|Any CPU.ActiveCfg = Debug|Any CPU
		{25170537-84B8-456D-A230-058509F0810C}.Debug|Any CPU.Build.0 = Debug|Any CPU
		{25170537-84B8-456D-A230-058509F0810C}.Debug|x64.ActiveCfg = Debug|Any CPU
		{25170537-84B8-456D-A230-058509F0810C}.Debug|x64.Build.0 = Debug|Any CPU
		{25170537-84B8-456D-A230-058509F0810C}.Debug|x86.ActiveCfg = Debug|Any CPU
		{25170537-84B8-456D-A230-058509F0810C}.Debug|x86.Build.0 = Debug|Any CPU
		{25170537-84B8-456D-A230-058509F0810C}.Release|Any CPU.ActiveCfg = Release|Any CPU
		{25170537-84B8-456D-A230-058509F0810C}.Release|Any CPU.Build.0 = Release|Any CPU
		{25170537-84B8-456D-A230-058509F0810C}.Release|x64.ActiveCfg = Release|Any CPU
		{25170537-84B8-456D-A230-058509F0810C}.Release|x64.Build.0 = Release|Any CPU
		{25170537-84B8-456D-A230-058509F0810C}.Release|x86.ActiveCfg = Release|Any CPU
		{25170537-84B8-456D-A230-058509F0810C}.Release|x86.Build.0 = Release|Any CPU
		{17DD1387-4AAE-46C9-9AF7-9AE478C1EE42}.Debug|Any CPU.ActiveCfg = Debug|Any CPU
		{17DD1387-4AAE-46C9-9AF7-9AE478C1EE42}.Debug|Any CPU.Build.0 = Debug|Any CPU
		{17DD1387-4AAE-46C9-9AF7-9AE478C1EE42}.Debug|x64.ActiveCfg = Debug|Any CPU
		{17DD1387-4AAE-46C9-9AF7-9AE478C1EE42}.Debug|x64.Build.0 = Debug|Any CPU
		{17DD1387-4AAE-46C9-9AF7-9AE478C1EE42}.Debug|x86.ActiveCfg = Debug|Any CPU
		{17DD1387-4AAE-46C9-9AF7-9AE478C1EE42}.Debug|x86.Build.0 = Debug|Any CPU
		{17DD1387-4AAE-46C9-9AF7-9AE478C1EE42}.Release|Any CPU.ActiveCfg = Release|Any CPU
		{17DD1387-4AAE-46C9-9AF7-9AE478C1EE42}.Release|Any CPU.Build.0 = Release|Any CPU
		{17DD1387-4AAE-46C9-9AF7-9AE478C1EE42}.Release|x64.ActiveCfg = Release|Any CPU
		{17DD1387-4AAE-46C9-9AF7-9AE478C1EE42}.Release|x64.Build.0 = Release|Any CPU
		{17DD1387-4AAE-46C9-9AF7-9AE478C1EE42}.Release|x86.ActiveCfg = Release|Any CPU
		{17DD1387-4AAE-46C9-9AF7-9AE478C1EE42}.Release|x86.Build.0 = Release|Any CPU
		{D909C741-063A-4FEA-821B-046CBB58EA23}.Debug|Any CPU.ActiveCfg = Debug|Any CPU
		{D909C741-063A-4FEA-821B-046CBB58EA23}.Debug|Any CPU.Build.0 = Debug|Any CPU
		{D909C741-063A-4FEA-821B-046CBB58EA23}.Debug|x64.ActiveCfg = Debug|Any CPU
		{D909C741-063A-4FEA-821B-046CBB58EA23}.Debug|x64.Build.0 = Debug|Any CPU
		{D909C741-063A-4FEA-821B-046CBB58EA23}.Debug|x86.ActiveCfg = Debug|Any CPU
		{D909C741-063A-4FEA-821B-046CBB58EA23}.Debug|x86.Build.0 = Debug|Any CPU
		{D909C741-063A-4FEA-821B-046CBB58EA23}.Release|Any CPU.ActiveCfg = Release|Any CPU
		{D909C741-063A-4FEA-821B-046CBB58EA23}.Release|Any CPU.Build.0 = Release|Any CPU
		{D909C741-063A-4FEA-821B-046CBB58EA23}.Release|x64.ActiveCfg = Release|Any CPU
		{D909C741-063A-4FEA-821B-046CBB58EA23}.Release|x64.Build.0 = Release|Any CPU
		{D909C741-063A-4FEA-821B-046CBB58EA23}.Release|x86.ActiveCfg = Release|Any CPU
		{D909C741-063A-4FEA-821B-046CBB58EA23}.Release|x86.Build.0 = Release|Any CPU
		{1831B5D5-AC36-4D07-AE69-DF65B6608FFE}.Debug|Any CPU.ActiveCfg = Debug|Any CPU
		{1831B5D5-AC36-4D07-AE69-DF65B6608FFE}.Debug|Any CPU.Build.0 = Debug|Any CPU
		{1831B5D5-AC36-4D07-AE69-DF65B6608FFE}.Debug|x64.ActiveCfg = Debug|Any CPU
		{1831B5D5-AC36-4D07-AE69-DF65B6608FFE}.Debug|x64.Build.0 = Debug|Any CPU
		{1831B5D5-AC36-4D07-AE69-DF65B6608FFE}.Debug|x86.ActiveCfg = Debug|Any CPU
		{1831B5D5-AC36-4D07-AE69-DF65B6608FFE}.Debug|x86.Build.0 = Debug|Any CPU
		{1831B5D5-AC36-4D07-AE69-DF65B6608FFE}.Release|Any CPU.ActiveCfg = Release|Any CPU
		{1831B5D5-AC36-4D07-AE69-DF65B6608FFE}.Release|Any CPU.Build.0 = Release|Any CPU
		{1831B5D5-AC36-4D07-AE69-DF65B6608FFE}.Release|x64.ActiveCfg = Release|Any CPU
		{1831B5D5-AC36-4D07-AE69-DF65B6608FFE}.Release|x64.Build.0 = Release|Any CPU
		{1831B5D5-AC36-4D07-AE69-DF65B6608FFE}.Release|x86.ActiveCfg = Release|Any CPU
		{1831B5D5-AC36-4D07-AE69-DF65B6608FFE}.Release|x86.Build.0 = Release|Any CPU
		{E5BE98A7-9701-4C35-8BE3-BD50F1B529E5}.Debug|Any CPU.ActiveCfg = Debug|Any CPU
		{E5BE98A7-9701-4C35-8BE3-BD50F1B529E5}.Debug|Any CPU.Build.0 = Debug|Any CPU
		{E5BE98A7-9701-4C35-8BE3-BD50F1B529E5}.Debug|x64.ActiveCfg = Debug|Any CPU
		{E5BE98A7-9701-4C35-8BE3-BD50F1B529E5}.Debug|x64.Build.0 = Debug|Any CPU
		{E5BE98A7-9701-4C35-8BE3-BD50F1B529E5}.Debug|x86.ActiveCfg = Debug|Any CPU
		{E5BE98A7-9701-4C35-8BE3-BD50F1B529E5}.Debug|x86.Build.0 = Debug|Any CPU
		{E5BE98A7-9701-4C35-8BE3-BD50F1B529E5}.Release|Any CPU.ActiveCfg = Release|Any CPU
		{E5BE98A7-9701-4C35-8BE3-BD50F1B529E5}.Release|Any CPU.Build.0 = Release|Any CPU
		{E5BE98A7-9701-4C35-8BE3-BD50F1B529E5}.Release|x64.ActiveCfg = Release|Any CPU
		{E5BE98A7-9701-4C35-8BE3-BD50F1B529E5}.Release|x64.Build.0 = Release|Any CPU
		{E5BE98A7-9701-4C35-8BE3-BD50F1B529E5}.Release|x86.ActiveCfg = Release|Any CPU
		{E5BE98A7-9701-4C35-8BE3-BD50F1B529E5}.Release|x86.Build.0 = Release|Any CPU
		{73D3F255-BCF0-402A-9831-F2A8E1A29D5E}.Debug|Any CPU.ActiveCfg = Debug|Any CPU
		{73D3F255-BCF0-402A-9831-F2A8E1A29D5E}.Debug|Any CPU.Build.0 = Debug|Any CPU
		{73D3F255-BCF0-402A-9831-F2A8E1A29D5E}.Debug|x64.ActiveCfg = Debug|Any CPU
		{73D3F255-BCF0-402A-9831-F2A8E1A29D5E}.Debug|x64.Build.0 = Debug|Any CPU
		{73D3F255-BCF0-402A-9831-F2A8E1A29D5E}.Debug|x86.ActiveCfg = Debug|Any CPU
		{73D3F255-BCF0-402A-9831-F2A8E1A29D5E}.Debug|x86.Build.0 = Debug|Any CPU
		{73D3F255-BCF0-402A-9831-F2A8E1A29D5E}.Release|Any CPU.ActiveCfg = Release|Any CPU
		{73D3F255-BCF0-402A-9831-F2A8E1A29D5E}.Release|Any CPU.Build.0 = Release|Any CPU
		{73D3F255-BCF0-402A-9831-F2A8E1A29D5E}.Release|x64.ActiveCfg = Release|Any CPU
		{73D3F255-BCF0-402A-9831-F2A8E1A29D5E}.Release|x64.Build.0 = Release|Any CPU
		{73D3F255-BCF0-402A-9831-F2A8E1A29D5E}.Release|x86.ActiveCfg = Release|Any CPU
		{73D3F255-BCF0-402A-9831-F2A8E1A29D5E}.Release|x86.Build.0 = Release|Any CPU
	EndGlobalSection
	GlobalSection(SolutionProperties) = preSolution
		HideSolutionNode = FALSE
	EndGlobalSection
	GlobalSection(ExtensibilityGlobals) = postSolution
		SolutionGuid = {26932AEE-6863-40AB-9A9A-9DBAD8B2180E}
	EndGlobalSection
EndGlobal
